
Microsoft Visual Studio Solution File, Format Version 12.00
# Visual Studio 2012
Project("{FAE04EC0-301F-11D3-BF4B-00C04F79EFBC}") = "WAA_MVVM.Android", "WAA_MVVM.Android\WAA_MVVM.Android.csproj", "{4D3F90E8-9F1C-4F5E-B176-735E34703A18}"
EndProject
Project("{FAE04EC0-301F-11D3-BF4B-00C04F79EFBC}") = "WAA_MVVM.iOS", "WAA_MVVM.iOS\WAA_MVVM.iOS.csproj", "{C31A0D78-9BFA-4AB7-9F0F-DD6E180BB47C}"
EndProject
Project("{FAE04EC0-301F-11D3-BF4B-00C04F79EFBC}") = "WAA_MVVM", "WAA_MVVM\WAA_MVVM.csproj", "{9579B24D-10F4-4A59-82D3-4869847546D2}"
EndProject
Global
	GlobalSection(SolutionConfigurationPlatforms) = preSolution
		Debug|Any CPU = Debug|Any CPU
		Release|Any CPU = Release|Any CPU
		Debug|iPhoneSimulator = Debug|iPhoneSimulator
		Release|iPhoneSimulator = Release|iPhoneSimulator
		Debug|iPhone = Debug|iPhone
		Release|iPhone = Release|iPhone
		Ad-Hoc|iPhone = Ad-Hoc|iPhone
		AppStore|iPhone = AppStore|iPhone
	EndGlobalSection
	GlobalSection(ProjectConfigurationPlatforms) = postSolution
		{4D3F90E8-9F1C-4F5E-B176-735E34703A18}.Debug|Any CPU.ActiveCfg = Debug|Any CPU
		{4D3F90E8-9F1C-4F5E-B176-735E34703A18}.Debug|Any CPU.Build.0 = Debug|Any CPU
		{4D3F90E8-9F1C-4F5E-B176-735E34703A18}.Release|Any CPU.ActiveCfg = Release|Any CPU
		{4D3F90E8-9F1C-4F5E-B176-735E34703A18}.Release|Any CPU.Build.0 = Release|Any CPU
		{4D3F90E8-9F1C-4F5E-B176-735E34703A18}.Debug|iPhoneSimulator.ActiveCfg = Debug|Any CPU
		{4D3F90E8-9F1C-4F5E-B176-735E34703A18}.Debug|iPhoneSimulator.Build.0 = Debug|Any CPU
		{4D3F90E8-9F1C-4F5E-B176-735E34703A18}.Release|iPhoneSimulator.ActiveCfg = Release|Any CPU
		{4D3F90E8-9F1C-4F5E-B176-735E34703A18}.Release|iPhoneSimulator.Build.0 = Release|Any CPU
		{4D3F90E8-9F1C-4F5E-B176-735E34703A18}.Debug|iPhone.ActiveCfg = Debug|Any CPU
		{4D3F90E8-9F1C-4F5E-B176-735E34703A18}.Debug|iPhone.Build.0 = Debug|Any CPU
		{4D3F90E8-9F1C-4F5E-B176-735E34703A18}.Release|iPhone.ActiveCfg = Release|Any CPU
		{4D3F90E8-9F1C-4F5E-B176-735E34703A18}.Release|iPhone.Build.0 = Release|Any CPU
		{4D3F90E8-9F1C-4F5E-B176-735E34703A18}.Ad-Hoc|iPhone.ActiveCfg = Debug|Any CPU
		{4D3F90E8-9F1C-4F5E-B176-735E34703A18}.Ad-Hoc|iPhone.Build.0 = Debug|Any CPU
		{4D3F90E8-9F1C-4F5E-B176-735E34703A18}.AppStore|iPhone.ActiveCfg = Debug|Any CPU
		{4D3F90E8-9F1C-4F5E-B176-735E34703A18}.AppStore|iPhone.Build.0 = Debug|Any CPU
		{C31A0D78-9BFA-4AB7-9F0F-DD6E180BB47C}.Debug|Any CPU.ActiveCfg = Debug|iPhoneSimulator
		{C31A0D78-9BFA-4AB7-9F0F-DD6E180BB47C}.Debug|Any CPU.Build.0 = Debug|iPhoneSimulator
		{C31A0D78-9BFA-4AB7-9F0F-DD6E180BB47C}.Release|Any CPU.ActiveCfg = Release|iPhoneSimulator
		{C31A0D78-9BFA-4AB7-9F0F-DD6E180BB47C}.Release|Any CPU.Build.0 = Release|iPhoneSimulator
		{C31A0D78-9BFA-4AB7-9F0F-DD6E180BB47C}.Debug|iPhoneSimulator.ActiveCfg = Debug|iPhoneSimulator
		{C31A0D78-9BFA-4AB7-9F0F-DD6E180BB47C}.Debug|iPhoneSimulator.Build.0 = Debug|iPhoneSimulator
		{C31A0D78-9BFA-4AB7-9F0F-DD6E180BB47C}.Release|iPhoneSimulator.ActiveCfg = Release|iPhoneSimulator
		{C31A0D78-9BFA-4AB7-9F0F-DD6E180BB47C}.Release|iPhoneSimulator.Build.0 = Release|iPhoneSimulator
		{C31A0D78-9BFA-4AB7-9F0F-DD6E180BB47C}.Debug|iPhone.ActiveCfg = Debug|iPhone
		{C31A0D78-9BFA-4AB7-9F0F-DD6E180BB47C}.Debug|iPhone.Build.0 = Debug|iPhone
		{C31A0D78-9BFA-4AB7-9F0F-DD6E180BB47C}.Release|iPhone.ActiveCfg = Release|iPhone
		{C31A0D78-9BFA-4AB7-9F0F-DD6E180BB47C}.Release|iPhone.Build.0 = Release|iPhone
		{C31A0D78-9BFA-4AB7-9F0F-DD6E180BB47C}.Ad-Hoc|iPhone.ActiveCfg = Ad-Hoc|iPhone
		{C31A0D78-9BFA-4AB7-9F0F-DD6E180BB47C}.Ad-Hoc|iPhone.Build.0 = Ad-Hoc|iPhone
		{C31A0D78-9BFA-4AB7-9F0F-DD6E180BB47C}.AppStore|iPhone.ActiveCfg = AppStore|iPhone
		{C31A0D78-9BFA-4AB7-9F0F-DD6E180BB47C}.AppStore|iPhone.Build.0 = AppStore|iPhone
		{9579B24D-10F4-4A59-82D3-4869847546D2}.Debug|Any CPU.ActiveCfg = Debug|Any CPU
		{9579B24D-10F4-4A59-82D3-4869847546D2}.Debug|Any CPU.Build.0 = Debug|Any CPU
		{9579B24D-10F4-4A59-82D3-4869847546D2}.Release|Any CPU.ActiveCfg = Release|Any CPU
		{9579B24D-10F4-4A59-82D3-4869847546D2}.Release|Any CPU.Build.0 = Release|Any CPU
		{9579B24D-10F4-4A59-82D3-4869847546D2}.Debug|iPhoneSimulator.ActiveCfg = Debug|Any CPU
		{9579B24D-10F4-4A59-82D3-4869847546D2}.Debug|iPhoneSimulator.Build.0 = Debug|Any CPU
		{9579B24D-10F4-4A59-82D3-4869847546D2}.Release|iPhoneSimulator.ActiveCfg = Release|Any CPU
		{9579B24D-10F4-4A59-82D3-4869847546D2}.Release|iPhoneSimulator.Build.0 = Release|Any CPU
		{9579B24D-10F4-4A59-82D3-4869847546D2}.Debug|iPhone.ActiveCfg = Debug|Any CPU
		{9579B24D-10F4-4A59-82D3-4869847546D2}.Debug|iPhone.Build.0 = Debug|Any CPU
		{9579B24D-10F4-4A59-82D3-4869847546D2}.Release|iPhone.ActiveCfg = Release|Any CPU
		{9579B24D-10F4-4A59-82D3-4869847546D2}.Release|iPhone.Build.0 = Release|Any CPU
		{9579B24D-10F4-4A59-82D3-4869847546D2}.Ad-Hoc|iPhone.ActiveCfg = Debug|Any CPU
		{9579B24D-10F4-4A59-82D3-4869847546D2}.Ad-Hoc|iPhone.Build.0 = Debug|Any CPU
		{9579B24D-10F4-4A59-82D3-4869847546D2}.AppStore|iPhone.ActiveCfg = Debug|Any CPU
		{9579B24D-10F4-4A59-82D3-4869847546D2}.AppStore|iPhone.Build.0 = Debug|Any CPU
	EndGlobalSection
EndGlobal
